
Microsoft Visual Studio Solution File, Format Version 12.00
# Visual Studio Version 17
VisualStudioVersion = 17.1.32319.34
MinimumVisualStudioVersion = 10.0.40219.1
Project("{2150E333-8FDC-42A3-9474-1A3956D46DE8}") = "Tests", "Tests", "{C16837FC-9B53-481E-BF48-95C6B17F1D79}"
EndProject
Project("{2150E333-8FDC-42A3-9474-1A3956D46DE8}") = "Git", "Git", "{31AE5DCC-8EC2-46D4-9039-525579AF5E40}"
	ProjectSection(SolutionItems) = preProject
		..\..\.github\workflows\build.yml = ..\..\.github\workflows\build.yml
		..\..\GitVersion.yml = ..\..\GitVersion.yml
		..\..\LICENCE.md = ..\..\LICENCE.md
		..\..\README.md = ..\..\README.md
	EndProjectSection
EndProject
Project("{2150E333-8FDC-42A3-9474-1A3956D46DE8}") = "Nuget", "Nuget", "{8D3A9272-DBD0-4028-AB3C-31A8446501DA}"
	ProjectSection(SolutionItems) = preProject
		..\build\build.ps1 = ..\build\build.ps1
		..\build\HttpMachine.nuspec = ..\build\HttpMachine.nuspec
		..\build\publish.ps1 = ..\build\publish.ps1
		..\build\publishLocal.ps1 = ..\build\publishLocal.ps1
	EndProjectSection
EndProject
Project("{9A19103F-16F7-4668-BE54-9A1E7A4F7556}") = "Console.NETCore.Test", "..\tests\Console.NETCore.Test\Console.NETCore.Test.csproj", "{3E74E9E1-5955-408B-930C-882F7D3083B5}"
EndProject
Project("{2150E333-8FDC-42A3-9474-1A3956D46DE8}") = "Main", "Main", "{3012146F-178B-4E96-9592-9132D265E59E}"
EndProject
Project("{2150E333-8FDC-42A3-9474-1A3956D46DE8}") = "Interface", "Interface", "{FFED1987-72CB-49F8-BBF9-74421D0009F0}"
EndProject
Project("{9A19103F-16F7-4668-BE54-9A1E7A4F7556}") = "IHttpMachine", "..\interface\IHttpMachine\IHttpMachine.csproj", "{019B8506-59B3-476A-B6D2-187886B166B1}"
EndProject
Project("{9A19103F-16F7-4668-BE54-9A1E7A4F7556}") = "HttpMachine.netstandard", "HttpMachine.netstandard\HttpMachine.netstandard.csproj", "{30773F59-7442-4987-BD8C-40BFF8C1DD4C}"
EndProject
Global
	GlobalSection(SolutionConfigurationPlatforms) = preSolution
		Debug|Any CPU = Debug|Any CPU
		Debug|x64 = Debug|x64
		Debug|x86 = Debug|x86
		Release|Any CPU = Release|Any CPU
		Release|x64 = Release|x64
		Release|x86 = Release|x86
	EndGlobalSection
	GlobalSection(ProjectConfigurationPlatforms) = postSolution
		{3E74E9E1-5955-408B-930C-882F7D3083B5}.Debug|Any CPU.ActiveCfg = Debug|Any CPU
		{3E74E9E1-5955-408B-930C-882F7D3083B5}.Debug|Any CPU.Build.0 = Debug|Any CPU
		{3E74E9E1-5955-408B-930C-882F7D3083B5}.Debug|x64.ActiveCfg = Debug|Any CPU
		{3E74E9E1-5955-408B-930C-882F7D3083B5}.Debug|x64.Build.0 = Debug|Any CPU
		{3E74E9E1-5955-408B-930C-882F7D3083B5}.Debug|x86.ActiveCfg = Debug|Any CPU
		{3E74E9E1-5955-408B-930C-882F7D3083B5}.Debug|x86.Build.0 = Debug|Any CPU
		{3E74E9E1-5955-408B-930C-882F7D3083B5}.Release|Any CPU.ActiveCfg = Release|Any CPU
		{3E74E9E1-5955-408B-930C-882F7D3083B5}.Release|Any CPU.Build.0 = Release|Any CPU
		{3E74E9E1-5955-408B-930C-882F7D3083B5}.Release|x64.ActiveCfg = Release|Any CPU
		{3E74E9E1-5955-408B-930C-882F7D3083B5}.Release|x64.Build.0 = Release|Any CPU
		{3E74E9E1-5955-408B-930C-882F7D3083B5}.Release|x86.ActiveCfg = Release|Any CPU
		{3E74E9E1-5955-408B-930C-882F7D3083B5}.Release|x86.Build.0 = Release|Any CPU
		{019B8506-59B3-476A-B6D2-187886B166B1}.Debug|Any CPU.ActiveCfg = Debug|Any CPU
		{019B8506-59B3-476A-B6D2-187886B166B1}.Debug|Any CPU.Build.0 = Debug|Any CPU
		{019B8506-59B3-476A-B6D2-187886B166B1}.Debug|x64.ActiveCfg = Debug|Any CPU
		{019B8506-59B3-476A-B6D2-187886B166B1}.Debug|x64.Build.0 = Debug|Any CPU
		{019B8506-59B3-476A-B6D2-187886B166B1}.Debug|x86.ActiveCfg = Debug|Any CPU
		{019B8506-59B3-476A-B6D2-187886B166B1}.Debug|x86.Build.0 = Debug|Any CPU
		{019B8506-59B3-476A-B6D2-187886B166B1}.Release|Any CPU.ActiveCfg = Release|Any CPU
		{019B8506-59B3-476A-B6D2-187886B166B1}.Release|Any CPU.Build.0 = Release|Any CPU
		{019B8506-59B3-476A-B6D2-187886B166B1}.Release|x64.ActiveCfg = Release|Any CPU
		{019B8506-59B3-476A-B6D2-187886B166B1}.Release|x64.Build.0 = Release|Any CPU
		{019B8506-59B3-476A-B6D2-187886B166B1}.Release|x86.ActiveCfg = Release|Any CPU
		{019B8506-59B3-476A-B6D2-187886B166B1}.Release|x86.Build.0 = Release|Any CPU
		{30773F59-7442-4987-BD8C-40BFF8C1DD4C}.Debug|Any CPU.ActiveCfg = Debug|Any CPU
		{30773F59-7442-4987-BD8C-40BFF8C1DD4C}.Debug|Any CPU.Build.0 = Debug|Any CPU
		{30773F59-7442-4987-BD8C-40BFF8C1DD4C}.Debug|x64.ActiveCfg = Debug|Any CPU
		{30773F59-7442-4987-BD8C-40BFF8C1DD4C}.Debug|x64.Build.0 = Debug|Any CPU
		{30773F59-7442-4987-BD8C-40BFF8C1DD4C}.Debug|x86.ActiveCfg = Debug|Any CPU
		{30773F59-7442-4987-BD8C-40BFF8C1DD4C}.Debug|x86.Build.0 = Debug|Any CPU
		{30773F59-7442-4987-BD8C-40BFF8C1DD4C}.Release|Any CPU.ActiveCfg = Release|Any CPU
		{30773F59-7442-4987-BD8C-40BFF8C1DD4C}.Release|Any CPU.Build.0 = Release|Any CPU
		{30773F59-7442-4987-BD8C-40BFF8C1DD4C}.Release|x64.ActiveCfg = Release|Any CPU
		{30773F59-7442-4987-BD8C-40BFF8C1DD4C}.Release|x64.Build.0 = Release|Any CPU
		{30773F59-7442-4987-BD8C-40BFF8C1DD4C}.Release|x86.ActiveCfg = Release|Any CPU
		{30773F59-7442-4987-BD8C-40BFF8C1DD4C}.Release|x86.Build.0 = Release|Any CPU
	EndGlobalSection
	GlobalSection(SolutionProperties) = preSolution
		HideSolutionNode = FALSE
	EndGlobalSection
	GlobalSection(NestedProjects) = preSolution
		{3E74E9E1-5955-408B-930C-882F7D3083B5} = {C16837FC-9B53-481E-BF48-95C6B17F1D79}
		{019B8506-59B3-476A-B6D2-187886B166B1} = {FFED1987-72CB-49F8-BBF9-74421D0009F0}
		{30773F59-7442-4987-BD8C-40BFF8C1DD4C} = {3012146F-178B-4E96-9592-9132D265E59E}
	EndGlobalSection
	GlobalSection(ExtensibilityGlobals) = postSolution
		SolutionGuid = {6E8E1F5B-BD01-4E55-9A0E-D5161D0A0AC7}
	EndGlobalSection
EndGlobal
